
Microsoft Visual Studio Solution File, Format Version 12.00
# Visual Studio Version 16
VisualStudioVersion = 16.0.29911.84
MinimumVisualStudioVersion = 10.0.40219.1
Project("{9A19103F-16F7-4668-BE54-9A1E7A4F7556}") = "WiltedBeetrootClient", "WiltedBeetrootClient\WiltedBeetrootClient.csproj", "{D3A2CF88-34F6-46EE-BC2A-97B33D4D6B60}"
EndProject
Project("{8BC9CEB8-8B4A-11D0-8D11-00A0C91BC942}") = "WiltedBeetroot", "WiltedBeetroot\WiltedBeetroot.vcxproj", "{EDD893B7-1DFB-4D3F-9073-7B5DB065F0A7}"
EndProject
Global
	GlobalSection(SolutionConfigurationPlatforms) = preSolution
		Debug|Any CPU = Debug|Any CPU
		Debug|x64 = Debug|x64
		Debug|x86 = Debug|x86
		Release|Any CPU = Release|Any CPU
		Release|x64 = Release|x64
		Release|x86 = Release|x86
	EndGlobalSection
	GlobalSection(ProjectConfigurationPlatforms) = postSolution
		{D3A2CF88-34F6-46EE-BC2A-97B33D4D6B60}.Debug|Any CPU.ActiveCfg = Debug|Any CPU
		{D3A2CF88-34F6-46EE-BC2A-97B33D4D6B60}.Debug|Any CPU.Build.0 = Debug|Any CPU
		{D3A2CF88-34F6-46EE-BC2A-97B33D4D6B60}.Debug|x64.ActiveCfg = Debug|Any CPU
		{D3A2CF88-34F6-46EE-BC2A-97B33D4D6B60}.Debug|x64.Build.0 = Debug|Any CPU
		{D3A2CF88-34F6-46EE-BC2A-97B33D4D6B60}.Debug|x86.ActiveCfg = Debug|Any CPU
		{D3A2CF88-34F6-46EE-BC2A-97B33D4D6B60}.Debug|x86.Build.0 = Debug|Any CPU
		{D3A2CF88-34F6-46EE-BC2A-97B33D4D6B60}.Release|Any CPU.ActiveCfg = Release|Any CPU
		{D3A2CF88-34F6-46EE-BC2A-97B33D4D6B60}.Release|Any CPU.Build.0 = Release|Any CPU
		{D3A2CF88-34F6-46EE-BC2A-97B33D4D6B60}.Release|x64.ActiveCfg = Release|Any CPU
		{D3A2CF88-34F6-46EE-BC2A-97B33D4D6B60}.Release|x64.Build.0 = Release|Any CPU
		{D3A2CF88-34F6-46EE-BC2A-97B33D4D6B60}.Release|x86.ActiveCfg = Release|Any CPU
		{D3A2CF88-34F6-46EE-BC2A-97B33D4D6B60}.Release|x86.Build.0 = Release|Any CPU
		{EDD893B7-1DFB-4D3F-9073-7B5DB065F0A7}.Debug|Any CPU.ActiveCfg = Debug|Win32
		{EDD893B7-1DFB-4D3F-9073-7B5DB065F0A7}.Debug|x64.ActiveCfg = Debug|x64
		{EDD893B7-1DFB-4D3F-9073-7B5DB065F0A7}.Debug|x64.Build.0 = Debug|x64
		{EDD893B7-1DFB-4D3F-9073-7B5DB065F0A7}.Debug|x86.ActiveCfg = Debug|Win32
		{EDD893B7-1DFB-4D3F-9073-7B5DB065F0A7}.Debug|x86.Build.0 = Debug|Win32
		{EDD893B7-1DFB-4D3F-9073-7B5DB065F0A7}.Release|Any CPU.ActiveCfg = Release|Win32
		{EDD893B7-1DFB-4D3F-9073-7B5DB065F0A7}.Release|x64.ActiveCfg = Release|x64
		{EDD893B7-1DFB-4D3F-9073-7B5DB065F0A7}.Release|x64.Build.0 = Release|x64
		{EDD893B7-1DFB-4D3F-9073-7B5DB065F0A7}.Release|x86.ActiveCfg = Release|Win32
		{EDD893B7-1DFB-4D3F-9073-7B5DB065F0A7}.Release|x86.Build.0 = Release|Win32
	EndGlobalSection
	GlobalSection(SolutionProperties) = preSolution
		HideSolutionNode = FALSE
	EndGlobalSection
	GlobalSection(ExtensibilityGlobals) = postSolution
		SolutionGuid = {63700BAB-0EAC-4F3B-AF58-EAF3C94EFE48}
	EndGlobalSection
EndGlobal
